// !$*UTF8*$!
{
	archiveVersion = 1;
	classes = {
	};
	objectVersion = 77;
	objects = {

/* Begin PBXBuildFile section */
		09740B382F74B487006A90F9 /* MLX in Frameworks */ = {isa = PBXBuildFile; productRef = 09740B372F74B487006A90F9 /* MLX */; };
		09740B3A2F74B487006A90F9 /* MLXFFT in Frameworks */ = {isa = PBXBuildFile; productRef = 09740B392F74B487006A90F9 /* MLXFFT */; };
		09740B3C2F74B487006A90F9 /* MLXNN in Frameworks */ = {isa = PBXBuildFile; productRef = 09740B3B2F74B487006A90F9 /* MLXNN */; };
		09740B3E2F74B487006A90F9 /* MLXOptimizers in Frameworks */ = {isa = PBXBuildFile; productRef = 09740B3D2F74B487006A90F9 /* MLXOptimizers */; };
		09740B402F74B487006A90F9 /* MLXRandom in Frameworks */ = {isa = PBXBuildFile; productRef = 09740B3F2F74B487006A90F9 /* MLXRandom */; };
		09740B432F74B538006A90F9 /* MLXEmbedders in Frameworks */ = {isa = PBXBuildFile; productRef = 09740B422F74B538006A90F9 /* MLXEmbedders */; };
		09740B452F74B538006A90F9 /* MLXLLM in Frameworks */ = {isa = PBXBuildFile; productRef = 09740B442F74B538006A90F9 /* MLXLLM */; };
		09740B472F74B538006A90F9 /* MLXLMCommon in Frameworks */ = {isa = PBXBuildFile; productRef = 09740B462F74B538006A90F9 /* MLXLMCommon */; };
		09740B492F74B538006A90F9 /* MLXVLM in Frameworks */ = {isa = PBXBuildFile; productRef = 09740B482F74B538006A90F9 /* MLXVLM */; };
		09740FB62F79D1C3006A90F9 /* MarkdownUI in Frameworks */ = {isa = PBXBuildFile; productRef = 09740FB52F79D1C3006A90F9 /* MarkdownUI */; };
/* End PBXBuildFile section */

/* Begin PBXFileReference section */
		09D2D4902F5C89A7004A180F /* litu.app */ = {isa = PBXFileReference; explicitFileType = wrapper.application; includeInIndex = 0; path = litu.app; sourceTree = BUILT_PRODUCTS_DIR; };
/* End PBXFileReference section */

/* Begin PBXFileSystemSynchronizedRootGroup section */
		09D2D4922F5C89A7004A180F /* litu */ = {
			isa = PBXFileSystemSynchronizedRootGroup;
			path = litu;
			sourceTree = "<group>";
		};
/* End PBXFileSystemSynchronizedRootGroup section */

/* Begin PBXFrameworksBuildPhase section */
		09D2D48D2F5C89A7004A180F /* Frameworks */ = {
			isa = PBXFrameworksBuildPhase;
			buildActionMask = 2147483647;
			files = (
				09740B452F74B538006A90F9 /* MLXLLM in Frameworks */,
				09740B3E2F74B487006A90F9 /* MLXOptimizers in Frameworks */,
				09740B3C2F74B487006A90F9 /* MLXNN in Frameworks */,
				09740B432F74B538006A90F9 /* MLXEmbedders in Frameworks */,
				09740B382F74B487006A90F9 /* MLX in Frameworks */,
				09740B492F74B538006A90F9 /* MLXVLM in Frameworks */,
				09740B402F74B487006A90F9 /* MLXRandom in Frameworks */,
				09740B472F74B538006A90F9 /* MLXLMCommon in Frameworks */,
				09740B3A2F74B487006A90F9 /* MLXFFT in Frameworks */,
				09740FB62F79D1C3006A90F9 /* MarkdownUI in Frameworks */,
			);
			runOnlyForDeploymentPostprocessing = 0;
		};
/* End PBXFrameworksBuildPhase section */

/* Begin PBXGroup section */
		09D2D4872F5C89A7004A180F = {
			isa = PBXGroup;
			children = (
				09D2D4922F5C89A7004A180F /* litu */,
				09D2D4912F5C89A7004A180F /* Products */,
			);
			sourceTree = "<group>";
		};
		09D2D4912F5C89A7004A180F /* Products */ = {
			isa = PBXGroup;
			children = (
				09D2D4902F5C89A7004A180F /* litu.app */,
			);
			name = Products;
			sourceTree = "<group>";
		};
/* End PBXGroup section */

/* Begin PBXNativeTarget section */
		09D2D48F2F5C89A7004A180F /* litu */ = {
			isa = PBXNativeTarget;
			buildConfigurationList = 09D2D49B2F5C89A8004A180F /* Build configuration list for PBXNativeTarget "litu" */;
			buildPhases = (
				09D2D48C2F5C89A7004A180F /* Sources */,
				09D2D48D2F5C89A7004A180F /* Frameworks */,
				09D2D48E2F5C89A7004A180F /* Resources */,
			);
			buildRules = (
			);
			dependencies = (
			);
			fileSystemSynchronizedGroups = (
				09D2D4922F5C89A7004A180F /* litu */,
			);
			name = litu;
			packageProductDependencies = (
				09740B372F74B487006A90F9 /* MLX */,
				09740B392F74B487006A90F9 /* MLXFFT */,
				09740B3B2F74B487006A90F9 /* MLXNN */,
				09740B3D2F74B487006A90F9 /* MLXOptimizers */,
				09740B3F2F74B487006A90F9 /* MLXRandom */,
				09740B422F74B538006A90F9 /* MLXEmbedders */,
				09740B442F74B538006A90F9 /* MLXLLM */,
				09740B462F74B538006A90F9 /* MLXLMCommon */,
				09740B482F74B538006A90F9 /* MLXVLM */,
				09740FB52F79D1C3006A90F9 /* MarkdownUI */,
			);
			productName = litu;
			productReference = 09D2D4902F5C89A7004A180F /* litu.app */;
			productType = "com.apple.product-type.application";
		};
/* End PBXNativeTarget section */

/* Begin PBXProject section */
		09D2D4882F5C89A7004A180F /* Project object */ = {
			isa = PBXProject;
			attributes = {
				BuildIndependentTargetsInParallel = 1;
				LastSwiftUpdateCheck = 2610;
				LastUpgradeCheck = 2610;
				TargetAttributes = {
					09D2D48F2F5C89A7004A180F = {
						CreatedOnToolsVersion = 26.1.1;
					};
				};
			};
			buildConfigurationList = 09D2D48B2F5C89A7004A180F /* Build configuration list for PBXProject "litu" */;
			developmentRegion = en;
			hasScannedForEncodings = 0;
			knownRegions = (
				en,
				Base,
			);
			mainGroup = 09D2D4872F5C89A7004A180F;
			minimizedProjectReferenceProxies = 1;
			packageReferences = (
				09740B362F74B487006A90F9 /* XCRemoteSwiftPackageReference "mlx-swift" */,
				09740B412F74B538006A90F9 /* XCRemoteSwiftPackageReference "mlx-swift-lm" */,
				09740FB42F79D1C3006A90F9 /* XCRemoteSwiftPackageReference "swift-markdown-ui" */,
			);
			preferredProjectObjectVersion = 77;
			productRefGroup = 09D2D4912F5C89A7004A180F /* Products */;
			projectDirPath = "";
			projectRoot = "";
			targets = (
				09D2D48F2F5C89A7004A180F /* litu */,
			);
		};
/* End PBXProject section */

/* Begin PBXResourcesBuildPhase section */
		09D2D48E2F5C89A7004A180F /* Resources */ = {
			isa = PBXResourcesBuildPhase;
			buildActionMask = 2147483647;
			files = (
			);
			runOnlyForDeploymentPostprocessing = 0;
		};
/* End PBXResourcesBuildPhase section */

/* Begin PBXSourcesBuildPhase section */
		09D2D48C2F5C89A7004A180F /* Sources */ = {
			isa = PBXSourcesBuildPhase;
			buildActionMask = 2147483647;
			files = (
			);
			runOnlyForDeploymentPostprocessing = 0;
		};
/* End PBXSourcesBuildPhase section */

/* Begin XCBuildConfiguration section */
		09D2D4992F5C89A8004A180F /* Debug */ = {
			isa = XCBuildConfiguration;
			buildSettings = {
				ALWAYS_SEARCH_USER_PATHS = NO;
				ASSETCATALOG_COMPILER_GENERATE_SWIFT_ASSET_SYMBOL_EXTENSIONS = YES;
				CLANG_ANALYZER_NONNULL = YES;
				CLANG_ANALYZER_NUMBER_OBJECT_CONVERSION = YES_AGGRESSIVE;
				CLANG_CXX_LANGUAGE_STANDARD = "gnu++20";
				CLANG_ENABLE_MODULES = YES;
				CLANG_ENABLE_OBJC_ARC = YES;
				CLANG_ENABLE_OBJC_WEAK = YES;
				CLANG_WARN_BLOCK_CAPTURE_AUTORELEASING = YES;
				CLANG_WARN_BOOL_CONVERSION = YES;
				CLANG_WARN_COMMA = YES;
				CLANG_WARN_CONSTANT_CONVERSION = YES;
				CLANG_WARN_DEPRECATED_OBJC_IMPLEMENTATIONS = YES;
				CLANG_WARN_DIRECT_OBJC_ISA_USAGE = YES_ERROR;
				CLANG_WARN_DOCUMENTATION_COMMENTS = YES;
				CLANG_WARN_EMPTY_BODY = YES;
				CLANG_WARN_ENUM_CONVERSION = YES;
				CLANG_WARN_INFINITE_RECURSION = YES;
				CLANG_WARN_INT_CONVERSION = YES;
				CLANG_WARN_NON_LITERAL_NULL_CONVERSION = YES;
				CLANG_WARN_OBJC_IMPLICIT_RETAIN_SELF = YES;
				CLANG_WARN_OBJC_LITERAL_CONVERSION = YES;
				CLANG_WARN_OBJC_ROOT_CLASS = YES_ERROR;
				CLANG_WARN_QUOTED_INCLUDE_IN_FRAMEWORK_HEADER = YES;
				CLANG_WARN_RANGE_LOOP_ANALYSIS = YES;
				CLANG_WARN_STRICT_PROTOTYPES = YES;
				CLANG_WARN_SUSPICIOUS_MOVE = YES;
				CLANG_WARN_UNGUARDED_AVAILABILITY = YES_AGGRESSIVE;
				CLANG_WARN_UNREACHABLE_CODE = YES;
				CLANG_WARN__DUPLICATE_METHOD_MATCH = YES;
				COPY_PHASE_STRIP = NO;
				DEBUG_INFORMATION_FORMAT = dwarf;
				DEVELOPMENT_TEAM = 55C6K9KYBZ;
				ENABLE_ON_DEMAND_RESOURCES = YES;
				ENABLE_STRICT_OBJC_MSGSEND = YES;
				ENABLE_TESTABILITY = YES;
				ENABLE_USER_SCRIPT_SANDBOXING = YES;
				GCC_C_LANGUAGE_STANDARD = gnu17;
				GCC_DYNAMIC_NO_PIC = NO;
				GCC_NO_COMMON_BLOCKS = YES;
				GCC_OPTIMIZATION_LEVEL = 0;
				GCC_PREPROCESSOR_DEFINITIONS = (
					"DEBUG=1",
					"$(inherited)",
				);
				GCC_WARN_64_TO_32_BIT_CONVERSION = YES;
				GCC_WARN_ABOUT_RETURN_TYPE = YES_ERROR;
				GCC_WARN_UNDECLARED_SELECTOR = YES;
				GCC_WARN_UNINITIALIZED_AUTOS = YES_AGGRESSIVE;
				GCC_WARN_UNUSED_FUNCTION = YES;
				GCC_WARN_UNUSED_VARIABLE = YES;
				IPHONEOS_DEPLOYMENT_TARGET = 26.1;
				LOCALIZATION_PREFERS_STRING_CATALOGS = YES;
				MTL_ENABLE_DEBUG_INFO = INCLUDE_SOURCE;
				MTL_FAST_MATH = YES;
				ONLY_ACTIVE_ARCH = YES;
				SDKROOT = iphoneos;
				SWIFT_ACTIVE_COMPILATION_CONDITIONS = "DEBUG $(inherited)";
				SWIFT_OPTIMIZATION_LEVEL = "-O";
				SWIFT_VERSION = 6.0;
			};
			name = Debug;
		};
		09D2D49A2F5C89A8004A180F /* Release */ = {
			isa = XCBuildConfiguration;
			buildSettings = {
				ALWAYS_SEARCH_USER_PATHS = NO;
				ASSETCATALOG_COMPILER_GENERATE_SWIFT_ASSET_SYMBOL_EXTENSIONS = YES;
				CLANG_ANALYZER_NONNULL = YES;
				CLANG_ANALYZER_NUMBER_OBJECT_CONVERSION = YES_AGGRESSIVE;
				CLANG_CXX_LANGUAGE_STANDARD = "gnu++20";
				CLANG_ENABLE_MODULES = YES;
				CLANG_ENABLE_OBJC_ARC = YES;
				CLANG_ENABLE_OBJC_WEAK = YES;
				CLANG_WARN_BLOCK_CAPTURE_AUTORELEASING = YES;
				CLANG_WARN_BOOL_CONVERSION = YES;
				CLANG_WARN_COMMA = YES;
				CLANG_WARN_CONSTANT_CONVERSION = YES;
				CLANG_WARN_DEPRECATED_OBJC_IMPLEMENTATIONS = YES;
				CLANG_WARN_DIRECT_OBJC_ISA_USAGE = YES_ERROR;
				CLANG_WARN_DOCUMENTATION_COMMENTS = YES;
				CLANG_WARN_EMPTY_BODY = YES;
				CLANG_WARN_ENUM_CONVERSION = YES;
				CLANG_WARN_INFINITE_RECURSION = YES;
				CLANG_WARN_INT_CONVERSION = YES;
				CLANG_WARN_NON_LITERAL_NULL_CONVERSION = YES;
				CLANG_WARN_OBJC_IMPLICIT_RETAIN_SELF = YES;
				CLANG_WARN_OBJC_LITERAL_CONVERSION = YES;
				CLANG_WARN_OBJC_ROOT_CLASS = YES_ERROR;
				CLANG_WARN_QUOTED_INCLUDE_IN_FRAMEWORK_HEADER = YES;
				CLANG_WARN_RANGE_LOOP_ANALYSIS = YES;
				CLANG_WARN_STRICT_PROTOTYPES = YES;
				CLANG_WARN_SUSPICIOUS_MOVE = YES;
				CLANG_WARN_UNGUARDED_AVAILABILITY = YES_AGGRESSIVE;
				CLANG_WARN_UNREACHABLE_CODE = YES;
				CLANG_WARN__DUPLICATE_METHOD_MATCH = YES;
				COPY_PHASE_STRIP = NO;
				DEBUG_INFORMATION_FORMAT = dwarf;
				DEVELOPMENT_TEAM = 55C6K9KYBZ;
				ENABLE_NS_ASSERTIONS = NO;
				ENABLE_ON_DEMAND_RESOURCES = YES;
				ENABLE_STRICT_OBJC_MSGSEND = YES;
				ENABLE_USER_SCRIPT_SANDBOXING = YES;
				GCC_C_LANGUAGE_STANDARD = gnu17;
				GCC_NO_COMMON_BLOCKS = YES;
				GCC_WARN_64_TO_32_BIT_CONVERSION = YES;
				GCC_WARN_ABOUT_RETURN_TYPE = YES_ERROR;
				GCC_WARN_UNDECLARED_SELECTOR = YES;
				GCC_WARN_UNINITIALIZED_AUTOS = YES_AGGRESSIVE;
				GCC_WARN_UNUSED_FUNCTION = YES;
				GCC_WARN_UNUSED_VARIABLE = YES;
				IPHONEOS_DEPLOYMENT_TARGET = 26.1;
				LOCALIZATION_PREFERS_STRING_CATALOGS = YES;
				MTL_ENABLE_DEBUG_INFO = NO;
				MTL_FAST_MATH = YES;
				SDKROOT = iphoneos;
				SWIFT_COMPILATION_MODE = wholemodule;
				SWIFT_VERSION = 6.0;
				VALIDATE_PRODUCT = YES;
			};
			name = Release;
		};
		09D2D49C2F5C89A8004A180F /* Debug */ = {
			isa = XCBuildConfiguration;
			buildSettings = {
				ASSETCATALOG_COMPILER_APPICON_NAME = AppIcon;
				ASSETCATALOG_COMPILER_GLOBAL_ACCENT_COLOR_NAME = AccentColor;
				ASSETCATALOG_COMPILER_INCLUDE_ALL_APPICON_ASSETS = NO;
				CLANG_USE_OPTIMIZATION_PROFILE = YES;
				CODE_SIGN_ENTITLEMENTS = litu/litu.entitlements;
				CODE_SIGN_STYLE = Automatic;
				CURRENT_PROJECT_VERSION = 1;
				DEVELOPMENT_TEAM = 55C6K9KYBZ;
				ENABLE_APP_SANDBOX = YES;
				ENABLE_HARDENED_RUNTIME = YES;
				ENABLE_OUTGOING_NETWORK_CONNECTIONS = YES;
				ENABLE_PREVIEWS = YES;
				ENABLE_RESOURCE_ACCESS_AUDIO_INPUT = YES;
				ENABLE_RESOURCE_ACCESS_BLUETOOTH = YES;
				ENABLE_RESOURCE_ACCESS_CAMERA = YES;
				ENABLE_RESOURCE_ACCESS_PHOTO_LIBRARY = YES;
				GENERATE_INFOPLIST_FILE = YES;
				INFOPLIST_KEY_CFBundleDisplayName = litu;
				INFOPLIST_KEY_LSApplicationCategoryType = "public.app-category.social-networking";
				INFOPLIST_KEY_NSBluetoothAlwaysUsageDescription = passkey;
				INFOPLIST_KEY_NSCameraUsageDescription = "Face ID";
				INFOPLIST_KEY_NSFaceIDUsageDescription = Acess;
				INFOPLIST_KEY_NSMicrophoneUsageDescription = "To Talk";
				INFOPLIST_KEY_NSPhotoLibraryUsageDescription = "Acess sometimes";
				INFOPLIST_KEY_UIApplicationSceneManifest_Generation = YES;
				INFOPLIST_KEY_UIApplicationSupportsIndirectInputEvents = YES;
				INFOPLIST_KEY_UILaunchScreen_Generation = YES;
				INFOPLIST_KEY_UIStatusBarStyle = "";
				INFOPLIST_KEY_UISupportedInterfaceOrientations_iPad = "UIInterfaceOrientationPortrait UIInterfaceOrientationPortraitUpsideDown UIInterfaceOrientationLandscapeLeft UIInterfaceOrientationLandscapeRight";
				INFOPLIST_KEY_UISupportedInterfaceOrientations_iPhone = "UIInterfaceOrientationPortrait UIInterfaceOrientationLandscapeLeft UIInterfaceOrientationLandscapeRight";
				IPHONEOS_DEPLOYMENT_TARGET = 18.6;
				LD_RUNPATH_SEARCH_PATHS = (
					"$(inherited)",
					"@executable_path/Frameworks",
				);
				MARKETING_VERSION = 1.0;
				ONLY_ACTIVE_ARCH = YES;
				PRODUCT_BUNDLE_IDENTIFIER = il.shorox.litu;
				PRODUCT_NAME = "$(TARGET_NAME)";
				REGISTER_APP_GROUPS = YES;
				STRING_CATALOG_GENERATE_SYMBOLS = YES;
				SUPPORTED_PLATFORMS = "iphoneos iphonesimulator";
				SUPPORTS_MACCATALYST = NO;
				SUPPORTS_MAC_DESIGNED_FOR_IPHONE_IPAD = YES;
				SUPPORTS_XR_DESIGNED_FOR_IPHONE_IPAD = NO;
				SWIFT_APPROACHABLE_CONCURRENCY = YES;
				SWIFT_DEFAULT_ACTOR_ISOLATION = MainActor;
				SWIFT_EMIT_LOC_STRINGS = YES;
				SWIFT_UPCOMING_FEATURE_MEMBER_IMPORT_VISIBILITY = YES;
				SWIFT_VERSION = 6.0;
				TARGETED_DEVICE_FAMILY = 1;
			};
			name = Debug;
		};
		09D2D49D2F5C89A8004A180F /* Release */ = {
			isa = XCBuildConfiguration;
			buildSettings = {
				ASSETCATALOG_COMPILER_APPICON_NAME = AppIcon;
				ASSETCATALOG_COMPILER_GLOBAL_ACCENT_COLOR_NAME = AccentColor;
				ASSETCATALOG_COMPILER_INCLUDE_ALL_APPICON_ASSETS = NO;
				CLANG_USE_OPTIMIZATION_PROFILE = YES;
				CODE_SIGN_ENTITLEMENTS = litu/litu.entitlements;
				CODE_SIGN_STYLE = Automatic;
				CURRENT_PROJECT_VERSION = 1;
				DEVELOPMENT_TEAM = 55C6K9KYBZ;
				ENABLE_APP_SANDBOX = YES;
				ENABLE_DEBUG_DYLIB = NO;
				ENABLE_HARDENED_RUNTIME = YES;
				ENABLE_OUTGOING_NETWORK_CONNECTIONS = YES;
				ENABLE_PREVIEWS = YES;
				ENABLE_RESOURCE_ACCESS_AUDIO_INPUT = YES;
				ENABLE_RESOURCE_ACCESS_BLUETOOTH = YES;
				ENABLE_RESOURCE_ACCESS_CAMERA = YES;
				ENABLE_RESOURCE_ACCESS_PHOTO_LIBRARY = YES;
				GENERATE_INFOPLIST_FILE = YES;
				INFOPLIST_KEY_CFBundleDisplayName = litu;
				INFOPLIST_KEY_LSApplicationCategoryType = "public.app-category.social-networking";
				INFOPLIST_KEY_NSBluetoothAlwaysUsageDescription = passkey;
				INFOPLIST_KEY_NSCameraUsageDescription = "Face ID";
				INFOPLIST_KEY_NSFaceIDUsageDescription = Acess;
				INFOPLIST_KEY_NSMicrophoneUsageDescription = "To Talk";
				INFOPLIST_KEY_NSPhotoLibraryUsageDescription = "Acess sometimes";
				INFOPLIST_KEY_UIApplicationSceneManifest_Generation = YES;
				INFOPLIST_KEY_UIApplicationSupportsIndirectInputEvents = YES;
				INFOPLIST_KEY_UILaunchScreen_Generation = YES;
				INFOPLIST_KEY_UIStatusBarStyle = "";
				INFOPLIST_KEY_UISupportedInterfaceOrientations_iPad = "UIInterfaceOrientationPortrait UIInterfaceOrientationPortraitUpsideDown UIInterfaceOrientationLandscapeLeft UIInterfaceOrientationLandscapeRight";
				INFOPLIST_KEY_UISupportedInterfaceOrientations_iPhone = "UIInterfaceOrientationPortrait UIInterfaceOrientationLandscapeLeft UIInterfaceOrientationLandscapeRight";
				IPHONEOS_DEPLOYMENT_TARGET = 18.6;
				LD_RUNPATH_SEARCH_PATHS = (
					"$(inherited)",
					"@executable_path/Frameworks",
				);
				MARKETING_VERSION = 1.0;
				ONLY_ACTIVE_ARCH = YES;
				PRODUCT_BUNDLE_IDENTIFIER = il.shorox.litu;
				PRODUCT_NAME = "$(TARGET_NAME)";
				REGISTER_APP_GROUPS = YES;
				STRING_CATALOG_GENERATE_SYMBOLS = YES;
				SUPPORTED_PLATFORMS = "iphoneos iphonesimulator";
				SUPPORTS_MACCATALYST = NO;
				SUPPORTS_MAC_DESIGNED_FOR_IPHONE_IPAD = YES;
				SUPPORTS_XR_DESIGNED_FOR_IPHONE_IPAD = NO;
				SWIFT_APPROACHABLE_CONCURRENCY = YES;
				SWIFT_DEFAULT_ACTOR_ISOLATION = MainActor;
				SWIFT_EMIT_LOC_STRINGS = YES;
				SWIFT_UPCOMING_FEATURE_MEMBER_IMPORT_VISIBILITY = YES;
				SWIFT_VERSION = 6.0;
				TARGETED_DEVICE_FAMILY = 1;
			};
			name = Release;
		};
/* End XCBuildConfiguration section */

/* Begin XCConfigurationList section */
		09D2D48B2F5C89A7004A180F /* Build configuration list for PBXProject "litu" */ = {
			isa = XCConfigurationList;
			buildConfigurations = (
				09D2D4992F5C89A8004A180F /* Debug */,
				09D2D49A2F5C89A8004A180F /* Release */,
			);
			defaultConfigurationIsVisible = 0;
			defaultConfigurationName = Release;
		};
		09D2D49B2F5C89A8004A180F /* Build configuration list for PBXNativeTarget "litu" */ = {
			isa = XCConfigurationList;
			buildConfigurations = (
				09D2D49C2F5C89A8004A180F /* Debug */,
				09D2D49D2F5C89A8004A180F /* Release */,
			);
			defaultConfigurationIsVisible = 0;
			defaultConfigurationName = Release;
		};
/* End XCConfigurationList section */

/* Begin XCRemoteSwiftPackageReference section */
		09740B362F74B487006A90F9 /* XCRemoteSwiftPackageReference "mlx-swift" */ = {
			isa = XCRemoteSwiftPackageReference;
			repositoryURL = "https://github.com/ml-explore/mlx-swift";
			requirement = {
				kind = versionRange;
				maximumVersion = 0.32.0;
				minimumVersion = 0.10.0;
			};
		};
		09740B412F74B538006A90F9 /* XCRemoteSwiftPackageReference "mlx-swift-lm" */ = {
			isa = XCRemoteSwiftPackageReference;
			repositoryURL = "https://github.com/ml-explore/mlx-swift-lm/";
			requirement = {
				branch = main;
				kind = branch;
			};
		};
		09740FB42F79D1C3006A90F9 /* XCRemoteSwiftPackageReference "swift-markdown-ui" */ = {
			isa = XCRemoteSwiftPackageReference;
			repositoryURL = "https://github.com/gonzalezreal/swift-markdown-ui";
			requirement = {
				kind = upToNextMajorVersion;
				minimumVersion = 2.4.1;
			};
		};
/* End XCRemoteSwiftPackageReference section */

/* Begin XCSwiftPackageProductDependency section */
		09740B372F74B487006A90F9 /* MLX */ = {
			isa = XCSwiftPackageProductDependency;
			package = 09740B362F74B487006A90F9 /* XCRemoteSwiftPackageReference "mlx-swift" */;
			productName = MLX;
		};
		09740B392F74B487006A90F9 /* MLXFFT */ = {
			isa = XCSwiftPackageProductDependency;
			package = 09740B362F74B487006A90F9 /* XCRemoteSwiftPackageReference "mlx-swift" */;
			productName = MLXFFT;
		};
		09740B3B2F74B487006A90F9 /* MLXNN */ = {
			isa = XCSwiftPackageProductDependency;
			package = 09740B362F74B487006A90F9 /* XCRemoteSwiftPackageReference "mlx-swift" */;
			productName = MLXNN;
		};
		09740B3D2F74B487006A90F9 /* MLXOptimizers */ = {
			isa = XCSwiftPackageProductDependency;
			package = 09740B362F74B487006A90F9 /* XCRemoteSwiftPackageReference "mlx-swift" */;
			productName = MLXOptimizers;
		};
		09740B3F2F74B487006A90F9 /* MLXRandom */ = {
			isa = XCSwiftPackageProductDependency;
			package = 09740B362F74B487006A90F9 /* XCRemoteSwiftPackageReference "mlx-swift" */;
			productName = MLXRandom;
		};
		09740B422F74B538006A90F9 /* MLXEmbedders */ = {
			isa = XCSwiftPackageProductDependency;
			package = 09740B412F74B538006A90F9 /* XCRemoteSwiftPackageReference "mlx-swift-lm" */;
			productName = MLXEmbedders;
		};
		09740B442F74B538006A90F9 /* MLXLLM */ = {
			isa = XCSwiftPackageProductDependency;
			package = 09740B412F74B538006A90F9 /* XCRemoteSwiftPackageReference "mlx-swift-lm" */;
			productName = MLXLLM;
		};
		09740B462F74B538006A90F9 /* MLXLMCommon */ = {
			isa = XCSwiftPackageProductDependency;
			package = 09740B412F74B538006A90F9 /* XCRemoteSwiftPackageReference "mlx-swift-lm" */;
			productName = MLXLMCommon;
		};
		09740B482F74B538006A90F9 /* MLXVLM */ = {
			isa = XCSwiftPackageProductDependency;
			package = 09740B412F74B538006A90F9 /* XCRemoteSwiftPackageReference "mlx-swift-lm" */;
			productName = MLXVLM;
		};
		09740FB52F79D1C3006A90F9 /* MarkdownUI */ = {
			isa = XCSwiftPackageProductDependency;
			package = 09740FB42F79D1C3006A90F9 /* XCRemoteSwiftPackageReference "swift-markdown-ui" */;
			productName = MarkdownUI;
		};
/* End XCSwiftPackageProductDependency section */
	};
	rootObject = 09D2D4882F5C89A7004A180F /* Project object */;
}
